
Microsoft Visual Studio Solution File, Format Version 12.00
# Visual Studio Version 16
VisualStudioVersion = 16.0.31205.134
MinimumVisualStudioVersion = 10.0.40219.1
Project("{9A19103F-16F7-4668-BE54-9A1E7A4F7556}") = "HasanAkca", "HasanAkca-Proje\HasanAkca.csproj", "{49ACF5D2-D0C5-4CBF-AB69-5FA0712E0030}"
EndProject
Global
	GlobalSection(SolutionConfigurationPlatforms) = preSolution
		Debug|Any CPU = Debug|Any CPU
		Release|Any CPU = Release|Any CPU
	EndGlobalSection
	GlobalSection(ProjectConfigurationPlatforms) = postSolution
		{49ACF5D2-D0C5-4CBF-AB69-5FA0712E0030}.Debug|Any CPU.ActiveCfg = Debug|Any CPU
		{49ACF5D2-D0C5-4CBF-AB69-5FA0712E0030}.Debug|Any CPU.Build.0 = Debug|Any CPU
		{49ACF5D2-D0C5-4CBF-AB69-5FA0712E0030}.Release|Any CPU.ActiveCfg = Release|Any CPU
		{49ACF5D2-D0C5-4CBF-AB69-5FA0712E0030}.Release|Any CPU.Build.0 = Release|Any CPU
	EndGlobalSection
	GlobalSection(SolutionProperties) = preSolution
		HideSolutionNode = FALSE
	EndGlobalSection
	GlobalSection(ExtensibilityGlobals) = postSolution
		SolutionGuid = {80B52BEE-A9C8-4A17-B328-15CB470E6801}
	EndGlobalSection
EndGlobal
